
Microsoft Visual Studio Solution File, Format Version 12.00
# Visual Studio Version 17
VisualStudioVersion = 17.9.34622.214
MinimumVisualStudioVersion = 10.0.40219.1
Project("{2150E333-8FDC-42A3-9474-1A3956D46DE8}") = "Client", "Client", "{6CDF2D14-F72D-4B0D-B455-08D6F9D59A9A}"
EndProject
Project("{9A19103F-16F7-4668-BE54-9A1E7A4F7556}") = "ActivityPaint.Client.Console", "src\Client\ActivityPaint.Client.Console\ActivityPaint.Client.Console.csproj", "{C950D32E-B52A-47FC-9362-58672E0A9398}"
EndProject
Project("{9A19103F-16F7-4668-BE54-9A1E7A4F7556}") = "ActivityPaint.Client.Web", "src\Client\ActivityPaint.Client.Web\ActivityPaint.Client.Web.csproj", "{A3317F37-304A-4541-A0F5-110D3CB09E7E}"
EndProject
Project("{9A19103F-16F7-4668-BE54-9A1E7A4F7556}") = "ActivityPaint.Application.BusinessLogic", "src\ActivityPaint.Application\ActivityPaint.Application.BusinessLogic.csproj", "{B2C0848A-8F09-4E49-8581-5539256C05AF}"
	ProjectSection(ProjectDependencies) = postProject
		{214AE5B5-B9A7-43C0-8220-AD0B315FF744} = {214AE5B5-B9A7-43C0-8220-AD0B315FF744}
	EndProjectSection
EndProject
Project("{2150E333-8FDC-42A3-9474-1A3956D46DE8}") = "src", "src", "{B9BFFF39-6691-485E-931A-BEF62798008D}"
EndProject
Project("{2150E333-8FDC-42A3-9474-1A3956D46DE8}") = "test", "test", "{3E294701-D540-45AC-A29C-1196D2147354}"
EndProject
Project("{9A19103F-16F7-4668-BE54-9A1E7A4F7556}") = "ActivityPaint.Application.DTOs.Tests", "test\ActivityPaint.Application.DTOs.Tests\ActivityPaint.Application.DTOs.Tests.csproj", "{1A7711B9-EC8C-4B97-AB64-7263B8F95D33}"
EndProject
Project("{9A19103F-16F7-4668-BE54-9A1E7A4F7556}") = "ActivityPaint.Client.Components", "src\Client\ActivityPaint.Client.Components\ActivityPaint.Client.Components.csproj", "{863CF7E7-3843-4BB5-96C2-760EE8EC8634}"
EndProject
Project("{9A19103F-16F7-4668-BE54-9A1E7A4F7556}") = "ActivityPaint.Client.Mobile", "src\Client\ActivityPaint.Client.Mobile\ActivityPaint.Client.Mobile.csproj", "{8D325D40-7EA1-4D17-B7D1-C452CA568F2C}"
EndProject
Project("{9A19103F-16F7-4668-BE54-9A1E7A4F7556}") = "ActivityPaint.Core", "src\ActivityPaint.Core\ActivityPaint.Core.csproj", "{214AE5B5-B9A7-43C0-8220-AD0B315FF744}"
EndProject
Project("{9A19103F-16F7-4668-BE54-9A1E7A4F7556}") = "ActivityPaint.Application.Abstractions", "src\ActivityPaint.Application.Abstractions\ActivityPaint.Application.Abstractions.csproj", "{5C376387-D605-4808-B38F-CEBD7AAABC91}"
EndProject
Project("{9A19103F-16F7-4668-BE54-9A1E7A4F7556}") = "ActivityPaint.Core.Tests", "test\ActivityPaint.Core.Tests\ActivityPaint.Core.Tests.csproj", "{DEF2E31D-C431-4B16-BE24-F282252EA629}"
EndProject
Project("{9A19103F-16F7-4668-BE54-9A1E7A4F7556}") = "ActivityPaint.Integration.FileSystem", "src\Integration\ActivityPaint.Integration.FileSystem\ActivityPaint.Integration.FileSystem.csproj", "{C86FFBCB-705E-4348-8A78-EBEA54A4538B}"
EndProject
Project("{2150E333-8FDC-42A3-9474-1A3956D46DE8}") = "Integration", "Integration", "{2008054A-F010-4CFD-BC6F-043B684C90E7}"
EndProject
Project("{9A19103F-16F7-4668-BE54-9A1E7A4F7556}") = "ActivityPaint.Application.DTOs", "src\ActivityPaint.Application.DTOs\ActivityPaint.Application.DTOs.csproj", "{C0EFF727-894C-4053-9131-EBC54EF85F77}"
EndProject
Project("{2150E333-8FDC-42A3-9474-1A3956D46DE8}") = "Solution Items", "Solution Items", "{75F0C0F2-6EF6-4671-BC87-0E647120E844}"
	ProjectSection(SolutionItems) = preProject
		global.json = global.json
	EndProjectSection
EndProject
Project("{9A19103F-16F7-4668-BE54-9A1E7A4F7556}") = "ActivityPaint.Client.Console.Tests", "test\ActivityPaint.Client.Console.Tests\ActivityPaint.Client.Console.Tests.csproj", "{E9AF1817-F505-4686-A918-B070FBF45ADB}"
EndProject
Project("{9A19103F-16F7-4668-BE54-9A1E7A4F7556}") = "ActivityPaint.Integration.Repository", "src\Integration\ActivityPaint.Integration.Repository\ActivityPaint.Integration.Repository.csproj", "{05FA5394-5E7F-46D8-A8BC-21473C776E58}"
EndProject
Project("{2150E333-8FDC-42A3-9474-1A3956D46DE8}") = "Unit", "Unit", "{D938029C-7FC2-4053-8917-F540BD5D03F8}"
EndProject
Project("{9A19103F-16F7-4668-BE54-9A1E7A4F7556}") = "ActivityPaint.Application.BusinessLogic.Tests", "test\ActivityPaint.Application.BusinessLogic.Tests\ActivityPaint.Application.BusinessLogic.Tests.csproj", "{5F5832F9-938F-4C58-BDD4-EDCCB1317838}"
EndProject
Project("{9A19103F-16F7-4668-BE54-9A1E7A4F7556}") = "ActivityPaint.Integration.Database", "src\Integration\ActivityPaint.Integration.Database\ActivityPaint.Integration.Database.csproj", "{515F2E5C-BC6A-49F3-97C5-B8DE34223434}"
EndProject
Project("{9A19103F-16F7-4668-BE54-9A1E7A4F7556}") = "ActivityPaint.Integration.Database.SeedData", "src\Integration\ActivityPaint.Integration.Database.SeedData\ActivityPaint.Integration.Database.SeedData.csproj", "{E2B55FFE-7AAE-4D9C-8DC5-78555ED71FDC}"
EndProject
Project("{2150E333-8FDC-42A3-9474-1A3956D46DE8}") = "Integration", "Integration", "{E08A456E-DEDF-4962-80C9-9019B290C118}"
EndProject
Project("{9A19103F-16F7-4668-BE54-9A1E7A4F7556}") = "ActivityPaint.Integration.Database.IntegrationTests", "test\ActivityPaint.Integration.Database.IntegrationTests\ActivityPaint.Integration.Database.IntegrationTests.csproj", "{A1216D88-19F2-488B-AAFB-D284D85A5111}"
EndProject
Project("{9A19103F-16F7-4668-BE54-9A1E7A4F7556}") = "ActivityPaint.Integration.FileSystem.IntegrationTests", "test\ActivityPaint.Integration.FileSystem.IntegrationTests\ActivityPaint.Integration.FileSystem.IntegrationTests.csproj", "{FACE8330-E9B8-45CD-9254-1E149EF84AC0}"
EndProject
Project("{2150E333-8FDC-42A3-9474-1A3956D46DE8}") = "E2E", "E2E", "{FF3E3054-BFF6-4647-BEFD-2818BF678FE9}"
EndProject
Project("{FAE04EC0-301F-11D3-BF4B-00C04F79EFBC}") = "ActivityPaint.Client.Web.E2ETests", "test\ActivityPaint.Client.Web.E2ETests\ActivityPaint.Client.Web.E2ETests.csproj", "{3FFCADA0-6E41-4478-94C2-ADF557D107CC}"
EndProject
Global
	GlobalSection(SolutionConfigurationPlatforms) = preSolution
		Debug|Any CPU = Debug|Any CPU
		Release|Any CPU = Release|Any CPU
	EndGlobalSection
	GlobalSection(ProjectConfigurationPlatforms) = postSolution
		{C950D32E-B52A-47FC-9362-58672E0A9398}.Debug|Any CPU.ActiveCfg = Debug|Any CPU
		{C950D32E-B52A-47FC-9362-58672E0A9398}.Debug|Any CPU.Build.0 = Debug|Any CPU
		{C950D32E-B52A-47FC-9362-58672E0A9398}.Release|Any CPU.ActiveCfg = Release|Any CPU
		{C950D32E-B52A-47FC-9362-58672E0A9398}.Release|Any CPU.Build.0 = Release|Any CPU
		{A3317F37-304A-4541-A0F5-110D3CB09E7E}.Debug|Any CPU.ActiveCfg = Debug|Any CPU
		{A3317F37-304A-4541-A0F5-110D3CB09E7E}.Debug|Any CPU.Build.0 = Debug|Any CPU
		{A3317F37-304A-4541-A0F5-110D3CB09E7E}.Release|Any CPU.ActiveCfg = Release|Any CPU
		{A3317F37-304A-4541-A0F5-110D3CB09E7E}.Release|Any CPU.Build.0 = Release|Any CPU
		{B2C0848A-8F09-4E49-8581-5539256C05AF}.Debug|Any CPU.ActiveCfg = Debug|Any CPU
		{B2C0848A-8F09-4E49-8581-5539256C05AF}.Debug|Any CPU.Build.0 = Debug|Any CPU
		{B2C0848A-8F09-4E49-8581-5539256C05AF}.Release|Any CPU.ActiveCfg = Release|Any CPU
		{B2C0848A-8F09-4E49-8581-5539256C05AF}.Release|Any CPU.Build.0 = Release|Any CPU
		{1A7711B9-EC8C-4B97-AB64-7263B8F95D33}.Debug|Any CPU.ActiveCfg = Debug|Any CPU
		{1A7711B9-EC8C-4B97-AB64-7263B8F95D33}.Debug|Any CPU.Build.0 = Debug|Any CPU
		{1A7711B9-EC8C-4B97-AB64-7263B8F95D33}.Release|Any CPU.ActiveCfg = Release|Any CPU
		{1A7711B9-EC8C-4B97-AB64-7263B8F95D33}.Release|Any CPU.Build.0 = Release|Any CPU
		{863CF7E7-3843-4BB5-96C2-760EE8EC8634}.Debug|Any CPU.ActiveCfg = Debug|Any CPU
		{863CF7E7-3843-4BB5-96C2-760EE8EC8634}.Debug|Any CPU.Build.0 = Debug|Any CPU
		{863CF7E7-3843-4BB5-96C2-760EE8EC8634}.Release|Any CPU.ActiveCfg = Release|Any CPU
		{863CF7E7-3843-4BB5-96C2-760EE8EC8634}.Release|Any CPU.Build.0 = Release|Any CPU
		{8D325D40-7EA1-4D17-B7D1-C452CA568F2C}.Debug|Any CPU.ActiveCfg = Debug|Any CPU
		{8D325D40-7EA1-4D17-B7D1-C452CA568F2C}.Debug|Any CPU.Build.0 = Debug|Any CPU
		{8D325D40-7EA1-4D17-B7D1-C452CA568F2C}.Debug|Any CPU.Deploy.0 = Debug|Any CPU
		{8D325D40-7EA1-4D17-B7D1-C452CA568F2C}.Release|Any CPU.ActiveCfg = Release|Any CPU
		{8D325D40-7EA1-4D17-B7D1-C452CA568F2C}.Release|Any CPU.Build.0 = Release|Any CPU
		{8D325D40-7EA1-4D17-B7D1-C452CA568F2C}.Release|Any CPU.Deploy.0 = Release|Any CPU
		{214AE5B5-B9A7-43C0-8220-AD0B315FF744}.Debug|Any CPU.ActiveCfg = Debug|Any CPU
		{214AE5B5-B9A7-43C0-8220-AD0B315FF744}.Debug|Any CPU.Build.0 = Debug|Any CPU
		{214AE5B5-B9A7-43C0-8220-AD0B315FF744}.Release|Any CPU.ActiveCfg = Release|Any CPU
		{214AE5B5-B9A7-43C0-8220-AD0B315FF744}.Release|Any CPU.Build.0 = Release|Any CPU
		{5C376387-D605-4808-B38F-CEBD7AAABC91}.Debug|Any CPU.ActiveCfg = Debug|Any CPU
		{5C376387-D605-4808-B38F-CEBD7AAABC91}.Debug|Any CPU.Build.0 = Debug|Any CPU
		{5C376387-D605-4808-B38F-CEBD7AAABC91}.Release|Any CPU.ActiveCfg = Release|Any CPU
		{5C376387-D605-4808-B38F-CEBD7AAABC91}.Release|Any CPU.Build.0 = Release|Any CPU
		{DEF2E31D-C431-4B16-BE24-F282252EA629}.Debug|Any CPU.ActiveCfg = Debug|Any CPU
		{DEF2E31D-C431-4B16-BE24-F282252EA629}.Debug|Any CPU.Build.0 = Debug|Any CPU
		{DEF2E31D-C431-4B16-BE24-F282252EA629}.Release|Any CPU.ActiveCfg = Release|Any CPU
		{DEF2E31D-C431-4B16-BE24-F282252EA629}.Release|Any CPU.Build.0 = Release|Any CPU
		{C86FFBCB-705E-4348-8A78-EBEA54A4538B}.Debug|Any CPU.ActiveCfg = Debug|Any CPU
		{C86FFBCB-705E-4348-8A78-EBEA54A4538B}.Debug|Any CPU.Build.0 = Debug|Any CPU
		{C86FFBCB-705E-4348-8A78-EBEA54A4538B}.Release|Any CPU.ActiveCfg = Release|Any CPU
		{C86FFBCB-705E-4348-8A78-EBEA54A4538B}.Release|Any CPU.Build.0 = Release|Any CPU
		{C0EFF727-894C-4053-9131-EBC54EF85F77}.Debug|Any CPU.ActiveCfg = Debug|Any CPU
		{C0EFF727-894C-4053-9131-EBC54EF85F77}.Debug|Any CPU.Build.0 = Debug|Any CPU
		{C0EFF727-894C-4053-9131-EBC54EF85F77}.Release|Any CPU.ActiveCfg = Release|Any CPU
		{C0EFF727-894C-4053-9131-EBC54EF85F77}.Release|Any CPU.Build.0 = Release|Any CPU
		{E9AF1817-F505-4686-A918-B070FBF45ADB}.Debug|Any CPU.ActiveCfg = Debug|Any CPU
		{E9AF1817-F505-4686-A918-B070FBF45ADB}.Debug|Any CPU.Build.0 = Debug|Any CPU
		{E9AF1817-F505-4686-A918-B070FBF45ADB}.Release|Any CPU.ActiveCfg = Release|Any CPU
		{E9AF1817-F505-4686-A918-B070FBF45ADB}.Release|Any CPU.Build.0 = Release|Any CPU
		{05FA5394-5E7F-46D8-A8BC-21473C776E58}.Debug|Any CPU.ActiveCfg = Debug|Any CPU
		{05FA5394-5E7F-46D8-A8BC-21473C776E58}.Debug|Any CPU.Build.0 = Debug|Any CPU
		{05FA5394-5E7F-46D8-A8BC-21473C776E58}.Release|Any CPU.ActiveCfg = Release|Any CPU
		{05FA5394-5E7F-46D8-A8BC-21473C776E58}.Release|Any CPU.Build.0 = Release|Any CPU
		{5F5832F9-938F-4C58-BDD4-EDCCB1317838}.Debug|Any CPU.ActiveCfg = Debug|Any CPU
		{5F5832F9-938F-4C58-BDD4-EDCCB1317838}.Debug|Any CPU.Build.0 = Debug|Any CPU
		{5F5832F9-938F-4C58-BDD4-EDCCB1317838}.Release|Any CPU.ActiveCfg = Release|Any CPU
		{5F5832F9-938F-4C58-BDD4-EDCCB1317838}.Release|Any CPU.Build.0 = Release|Any CPU
		{515F2E5C-BC6A-49F3-97C5-B8DE34223434}.Debug|Any CPU.ActiveCfg = Debug|Any CPU
		{515F2E5C-BC6A-49F3-97C5-B8DE34223434}.Debug|Any CPU.Build.0 = Debug|Any CPU
		{515F2E5C-BC6A-49F3-97C5-B8DE34223434}.Release|Any CPU.ActiveCfg = Release|Any CPU
		{515F2E5C-BC6A-49F3-97C5-B8DE34223434}.Release|Any CPU.Build.0 = Release|Any CPU
		{E2B55FFE-7AAE-4D9C-8DC5-78555ED71FDC}.Debug|Any CPU.ActiveCfg = Debug|Any CPU
		{E2B55FFE-7AAE-4D9C-8DC5-78555ED71FDC}.Debug|Any CPU.Build.0 = Debug|Any CPU
		{E2B55FFE-7AAE-4D9C-8DC5-78555ED71FDC}.Release|Any CPU.ActiveCfg = Release|Any CPU
		{E2B55FFE-7AAE-4D9C-8DC5-78555ED71FDC}.Release|Any CPU.Build.0 = Release|Any CPU
		{A1216D88-19F2-488B-AAFB-D284D85A5111}.Debug|Any CPU.ActiveCfg = Debug|Any CPU
		{A1216D88-19F2-488B-AAFB-D284D85A5111}.Debug|Any CPU.Build.0 = Debug|Any CPU
		{A1216D88-19F2-488B-AAFB-D284D85A5111}.Release|Any CPU.ActiveCfg = Release|Any CPU
		{A1216D88-19F2-488B-AAFB-D284D85A5111}.Release|Any CPU.Build.0 = Release|Any CPU
		{FACE8330-E9B8-45CD-9254-1E149EF84AC0}.Debug|Any CPU.ActiveCfg = Debug|Any CPU
		{FACE8330-E9B8-45CD-9254-1E149EF84AC0}.Debug|Any CPU.Build.0 = Debug|Any CPU
		{FACE8330-E9B8-45CD-9254-1E149EF84AC0}.Release|Any CPU.ActiveCfg = Release|Any CPU
		{FACE8330-E9B8-45CD-9254-1E149EF84AC0}.Release|Any CPU.Build.0 = Release|Any CPU
		{3FFCADA0-6E41-4478-94C2-ADF557D107CC}.Debug|Any CPU.ActiveCfg = Debug|Any CPU
		{3FFCADA0-6E41-4478-94C2-ADF557D107CC}.Debug|Any CPU.Build.0 = Debug|Any CPU
		{3FFCADA0-6E41-4478-94C2-ADF557D107CC}.Release|Any CPU.ActiveCfg = Release|Any CPU
		{3FFCADA0-6E41-4478-94C2-ADF557D107CC}.Release|Any CPU.Build.0 = Release|Any CPU
	EndGlobalSection
	GlobalSection(SolutionProperties) = preSolution
		HideSolutionNode = FALSE
	EndGlobalSection
	GlobalSection(NestedProjects) = preSolution
		{6CDF2D14-F72D-4B0D-B455-08D6F9D59A9A} = {B9BFFF39-6691-485E-931A-BEF62798008D}
		{C950D32E-B52A-47FC-9362-58672E0A9398} = {6CDF2D14-F72D-4B0D-B455-08D6F9D59A9A}
		{A3317F37-304A-4541-A0F5-110D3CB09E7E} = {6CDF2D14-F72D-4B0D-B455-08D6F9D59A9A}
		{B2C0848A-8F09-4E49-8581-5539256C05AF} = {B9BFFF39-6691-485E-931A-BEF62798008D}
		{1A7711B9-EC8C-4B97-AB64-7263B8F95D33} = {D938029C-7FC2-4053-8917-F540BD5D03F8}
		{863CF7E7-3843-4BB5-96C2-760EE8EC8634} = {6CDF2D14-F72D-4B0D-B455-08D6F9D59A9A}
		{8D325D40-7EA1-4D17-B7D1-C452CA568F2C} = {6CDF2D14-F72D-4B0D-B455-08D6F9D59A9A}
		{214AE5B5-B9A7-43C0-8220-AD0B315FF744} = {B9BFFF39-6691-485E-931A-BEF62798008D}
		{5C376387-D605-4808-B38F-CEBD7AAABC91} = {B9BFFF39-6691-485E-931A-BEF62798008D}
		{DEF2E31D-C431-4B16-BE24-F282252EA629} = {D938029C-7FC2-4053-8917-F540BD5D03F8}
		{C86FFBCB-705E-4348-8A78-EBEA54A4538B} = {2008054A-F010-4CFD-BC6F-043B684C90E7}
		{2008054A-F010-4CFD-BC6F-043B684C90E7} = {B9BFFF39-6691-485E-931A-BEF62798008D}
		{C0EFF727-894C-4053-9131-EBC54EF85F77} = {B9BFFF39-6691-485E-931A-BEF62798008D}
		{E9AF1817-F505-4686-A918-B070FBF45ADB} = {D938029C-7FC2-4053-8917-F540BD5D03F8}
		{05FA5394-5E7F-46D8-A8BC-21473C776E58} = {2008054A-F010-4CFD-BC6F-043B684C90E7}
		{D938029C-7FC2-4053-8917-F540BD5D03F8} = {3E294701-D540-45AC-A29C-1196D2147354}
		{5F5832F9-938F-4C58-BDD4-EDCCB1317838} = {D938029C-7FC2-4053-8917-F540BD5D03F8}
		{515F2E5C-BC6A-49F3-97C5-B8DE34223434} = {2008054A-F010-4CFD-BC6F-043B684C90E7}
		{E2B55FFE-7AAE-4D9C-8DC5-78555ED71FDC} = {2008054A-F010-4CFD-BC6F-043B684C90E7}
		{E08A456E-DEDF-4962-80C9-9019B290C118} = {3E294701-D540-45AC-A29C-1196D2147354}
		{A1216D88-19F2-488B-AAFB-D284D85A5111} = {E08A456E-DEDF-4962-80C9-9019B290C118}
		{FACE8330-E9B8-45CD-9254-1E149EF84AC0} = {E08A456E-DEDF-4962-80C9-9019B290C118}
		{FF3E3054-BFF6-4647-BEFD-2818BF678FE9} = {3E294701-D540-45AC-A29C-1196D2147354}
		{3FFCADA0-6E41-4478-94C2-ADF557D107CC} = {FF3E3054-BFF6-4647-BEFD-2818BF678FE9}
	EndGlobalSection
	GlobalSection(ExtensibilityGlobals) = postSolution
		SolutionGuid = {D3B32956-CAC1-413D-8790-4543CA380697}
	EndGlobalSection
EndGlobal
