
Microsoft Visual Studio Solution File, Format Version 12.00
# Visual Studio Version 17
VisualStudioVersion = 17.9.34622.214
MinimumVisualStudioVersion = 10.0.40219.1
Project("{2150E333-8FDC-42A3-9474-1A3956D46DE8}") = "Client", "Client", "{6CDF2D14-F72D-4B0D-B455-08D6F9D59A9A}"
EndProject
Project("{9A19103F-16F7-4668-BE54-9A1E7A4F7556}") = "ActivityPaint.Client.Console", "src\Client\ActivityPaint.Client.Console\ActivityPaint.Client.Console.csproj", "{C950D32E-B52A-47FC-9362-58672E0A9398}"
EndProject
Project("{9A19103F-16F7-4668-BE54-9A1E7A4F7556}") = "ActivityPaint.Client.Web", "src\Client\ActivityPaint.Client.Web\ActivityPaint.Client.Web.csproj", "{A3317F37-304A-4541-A0F5-110D3CB09E7E}"
EndProject
Project("{9A19103F-16F7-4668-BE54-9A1E7A4F7556}") = "ActivityPaint.Application.BusinessLogic", "src\ActivityPaint.Application\ActivityPaint.Application.BusinessLogic.csproj", "{B2C0848A-8F09-4E49-8581-5539256C05AF}"
	ProjectSection(ProjectDependencies) = postProject
		{214AE5B5-B9A7-43C0-8220-AD0B315FF744} = {214AE5B5-B9A7-43C0-8220-AD0B315FF744}
	EndProjectSection
EndProject
Project("{2150E333-8FDC-42A3-9474-1A3956D46DE8}") = "src", "src", "{B9BFFF39-6691-485E-931A-BEF62798008D}"
EndProject
Project("{2150E333-8FDC-42A3-9474-1A3956D46DE8}") = "test", "test", "{3E294701-D540-45AC-A29C-1196D2147354}"
EndProject
Project("{9A19103F-16F7-4668-BE54-9A1E7A4F7556}") = "ActivityPaint.Application.Tests", "test\ActivityPaint.Application.Tests\ActivityPaint.Application.Tests.csproj", "{1A7711B9-EC8C-4B97-AB64-7263B8F95D33}"
EndProject
Project("{9A19103F-16F7-4668-BE54-9A1E7A4F7556}") = "ActivityPaint.Client.Components", "src\Client\ActivityPaint.Client.Components\ActivityPaint.Client.Components.csproj", "{863CF7E7-3843-4BB5-96C2-760EE8EC8634}"
EndProject
Project("{9A19103F-16F7-4668-BE54-9A1E7A4F7556}") = "ActivityPaint.Client.Mobile", "src\Client\ActivityPaint.Client.Mobile\ActivityPaint.Client.Mobile.csproj", "{8D325D40-7EA1-4D17-B7D1-C452CA568F2C}"
EndProject
Project("{9A19103F-16F7-4668-BE54-9A1E7A4F7556}") = "ActivityPaint.Core", "src\ActivityPaint.Core\ActivityPaint.Core.csproj", "{214AE5B5-B9A7-43C0-8220-AD0B315FF744}"
EndProject
Project("{FAE04EC0-301F-11D3-BF4B-00C04F79EFBC}") = "ActivityPaint.Application.Abstractions", "ActivityPaint.Application.Abstractions\ActivityPaint.Application.Abstractions.csproj", "{5C376387-D605-4808-B38F-CEBD7AAABC91}"
EndProject
Global
	GlobalSection(SolutionConfigurationPlatforms) = preSolution
		Debug|Any CPU = Debug|Any CPU
		Release|Any CPU = Release|Any CPU
	EndGlobalSection
	GlobalSection(ProjectConfigurationPlatforms) = postSolution
		{C950D32E-B52A-47FC-9362-58672E0A9398}.Debug|Any CPU.ActiveCfg = Debug|Any CPU
		{C950D32E-B52A-47FC-9362-58672E0A9398}.Debug|Any CPU.Build.0 = Debug|Any CPU
		{C950D32E-B52A-47FC-9362-58672E0A9398}.Release|Any CPU.ActiveCfg = Release|Any CPU
		{C950D32E-B52A-47FC-9362-58672E0A9398}.Release|Any CPU.Build.0 = Release|Any CPU
		{A3317F37-304A-4541-A0F5-110D3CB09E7E}.Debug|Any CPU.ActiveCfg = Debug|Any CPU
		{A3317F37-304A-4541-A0F5-110D3CB09E7E}.Debug|Any CPU.Build.0 = Debug|Any CPU
		{A3317F37-304A-4541-A0F5-110D3CB09E7E}.Release|Any CPU.ActiveCfg = Release|Any CPU
		{A3317F37-304A-4541-A0F5-110D3CB09E7E}.Release|Any CPU.Build.0 = Release|Any CPU
		{B2C0848A-8F09-4E49-8581-5539256C05AF}.Debug|Any CPU.ActiveCfg = Debug|Any CPU
		{B2C0848A-8F09-4E49-8581-5539256C05AF}.Debug|Any CPU.Build.0 = Debug|Any CPU
		{B2C0848A-8F09-4E49-8581-5539256C05AF}.Release|Any CPU.ActiveCfg = Release|Any CPU
		{B2C0848A-8F09-4E49-8581-5539256C05AF}.Release|Any CPU.Build.0 = Release|Any CPU
		{1A7711B9-EC8C-4B97-AB64-7263B8F95D33}.Debug|Any CPU.ActiveCfg = Debug|Any CPU
		{1A7711B9-EC8C-4B97-AB64-7263B8F95D33}.Debug|Any CPU.Build.0 = Debug|Any CPU
		{1A7711B9-EC8C-4B97-AB64-7263B8F95D33}.Release|Any CPU.ActiveCfg = Release|Any CPU
		{1A7711B9-EC8C-4B97-AB64-7263B8F95D33}.Release|Any CPU.Build.0 = Release|Any CPU
		{863CF7E7-3843-4BB5-96C2-760EE8EC8634}.Debug|Any CPU.ActiveCfg = Debug|Any CPU
		{863CF7E7-3843-4BB5-96C2-760EE8EC8634}.Debug|Any CPU.Build.0 = Debug|Any CPU
		{863CF7E7-3843-4BB5-96C2-760EE8EC8634}.Release|Any CPU.ActiveCfg = Release|Any CPU
		{863CF7E7-3843-4BB5-96C2-760EE8EC8634}.Release|Any CPU.Build.0 = Release|Any CPU
		{8D325D40-7EA1-4D17-B7D1-C452CA568F2C}.Debug|Any CPU.ActiveCfg = Debug|Any CPU
		{8D325D40-7EA1-4D17-B7D1-C452CA568F2C}.Debug|Any CPU.Build.0 = Debug|Any CPU
		{8D325D40-7EA1-4D17-B7D1-C452CA568F2C}.Debug|Any CPU.Deploy.0 = Debug|Any CPU
		{8D325D40-7EA1-4D17-B7D1-C452CA568F2C}.Release|Any CPU.ActiveCfg = Release|Any CPU
		{8D325D40-7EA1-4D17-B7D1-C452CA568F2C}.Release|Any CPU.Build.0 = Release|Any CPU
		{8D325D40-7EA1-4D17-B7D1-C452CA568F2C}.Release|Any CPU.Deploy.0 = Release|Any CPU
		{214AE5B5-B9A7-43C0-8220-AD0B315FF744}.Debug|Any CPU.ActiveCfg = Debug|Any CPU
		{214AE5B5-B9A7-43C0-8220-AD0B315FF744}.Debug|Any CPU.Build.0 = Debug|Any CPU
		{214AE5B5-B9A7-43C0-8220-AD0B315FF744}.Release|Any CPU.ActiveCfg = Release|Any CPU
		{214AE5B5-B9A7-43C0-8220-AD0B315FF744}.Release|Any CPU.Build.0 = Release|Any CPU
		{5C376387-D605-4808-B38F-CEBD7AAABC91}.Debug|Any CPU.ActiveCfg = Debug|Any CPU
		{5C376387-D605-4808-B38F-CEBD7AAABC91}.Debug|Any CPU.Build.0 = Debug|Any CPU
		{5C376387-D605-4808-B38F-CEBD7AAABC91}.Release|Any CPU.ActiveCfg = Release|Any CPU
		{5C376387-D605-4808-B38F-CEBD7AAABC91}.Release|Any CPU.Build.0 = Release|Any CPU
	EndGlobalSection
	GlobalSection(SolutionProperties) = preSolution
		HideSolutionNode = FALSE
	EndGlobalSection
	GlobalSection(NestedProjects) = preSolution
		{6CDF2D14-F72D-4B0D-B455-08D6F9D59A9A} = {B9BFFF39-6691-485E-931A-BEF62798008D}
		{C950D32E-B52A-47FC-9362-58672E0A9398} = {6CDF2D14-F72D-4B0D-B455-08D6F9D59A9A}
		{A3317F37-304A-4541-A0F5-110D3CB09E7E} = {6CDF2D14-F72D-4B0D-B455-08D6F9D59A9A}
		{B2C0848A-8F09-4E49-8581-5539256C05AF} = {B9BFFF39-6691-485E-931A-BEF62798008D}
		{1A7711B9-EC8C-4B97-AB64-7263B8F95D33} = {3E294701-D540-45AC-A29C-1196D2147354}
		{863CF7E7-3843-4BB5-96C2-760EE8EC8634} = {6CDF2D14-F72D-4B0D-B455-08D6F9D59A9A}
		{8D325D40-7EA1-4D17-B7D1-C452CA568F2C} = {6CDF2D14-F72D-4B0D-B455-08D6F9D59A9A}
		{214AE5B5-B9A7-43C0-8220-AD0B315FF744} = {B9BFFF39-6691-485E-931A-BEF62798008D}
		{5C376387-D605-4808-B38F-CEBD7AAABC91} = {B9BFFF39-6691-485E-931A-BEF62798008D}
	EndGlobalSection
	GlobalSection(ExtensibilityGlobals) = postSolution
		SolutionGuid = {D3B32956-CAC1-413D-8790-4543CA380697}
	EndGlobalSection
EndGlobal
