{
  "version": 1,
  "dependencies": {
    "net8.0": {
      "Microsoft.AspNetCore.Components.WebAssembly": {
        "type": "Direct",
        "requested": "[8.0.10, )",
        "resolved": "8.0.10",
        "contentHash": "WGEsQ/wi1pv0t24Drb3NSwJoxPahyksw1+zRz29LDi8hxLSA2iPqVRORzs85JzkWkNnEaQjSEjx8nYal/X1w7Q==",
        "dependencies": {
          "Microsoft.AspNetCore.Components.Web": "8.0.10",
          "Microsoft.Extensions.Configuration.Binder": "8.0.2",
          "Microsoft.Extensions.Configuration.Json": "8.0.1",
          "Microsoft.Extensions.Logging": "8.0.1",
          "Microsoft.JSInterop.WebAssembly": "8.0.10"
        }
      },
      "Microsoft.AspNetCore.Components.WebAssembly.DevServer": {
        "type": "Direct",
        "requested": "[8.0.10, )",
        "resolved": "8.0.10",
        "contentHash": "TMvQzVM58A8zZIDT+rqGAje+0PotB+UoU8kzvPyFiuS5uRFZHlyFfc8orHM2MkNCA9Wy6l3hwTksavxYfrz0sg=="
      },
      "Microsoft.NET.ILLink.Tasks": {
        "type": "Direct",
        "requested": "[8.0.10, )",
        "resolved": "8.0.10",
        "contentHash": "xT8jYjlroY7SLbGtoV9vUTVW/TPgodL4Egc31a444Xe0TMytLZ3UlKQ0kxMZsy/CrWsFB6wtKnSG1SsXcWreew=="
      },
      "Microsoft.NET.Sdk.WebAssembly.Pack": {
        "type": "Direct",
        "requested": "[8.0.10, )",
        "resolved": "8.0.10",
        "contentHash": "DTJaIRCxCphhaI+7htflFVgOHbQMLprP65yRk5jlnXfkjwyo8oNwFPBZDr6/3X0YO7W77JOjnfjve2QSaYxs9g=="
      },
      "CommunityToolkit.Mvvm": {
        "type": "Transitive",
        "resolved": "8.3.2",
        "contentHash": "m8EolE1A0Updj68WTsZSGI6VWb6mUqHPh7QFo0kt7+JPhYMNXRS1ch8TS/oITAdcxTLrwMOp3ku1KjeG1/Zdpg=="
      },
      "FluentValidation": {
        "type": "Transitive",
        "resolved": "11.10.0",
        "contentHash": "qsJGSJDdZ8qiG+lVJ70PZfJHcEdq8UQZ/tZDXoj78/iHKG6lVKtMJsD11zyyv/IPc7rwqGqnFoFLTNzpo3IPYg=="
      },
      "FluentValidation.DependencyInjectionExtensions": {
        "type": "Transitive",
        "resolved": "11.10.0",
        "contentHash": "hIe+i6P+ZUxFh6lJOBXRs4EGE/thcub0Lpdk2FF2/JBKJUqDqE2xDnBIiqTMkpXLoekgBN0SlhJT0vpeNr1J6g==",
        "dependencies": {
          "FluentValidation": "11.10.0",
          "Microsoft.Extensions.Dependencyinjection.Abstractions": "2.1.0"
        }
      },
      "LibGit2Sharp": {
        "type": "Transitive",
        "resolved": "0.30.0",
        "contentHash": "1cBg/7nz6q+yzvComhqQaTS4nbXloLp/x29ZgY/Rr82ohpkuaWT8ZYzsPLFvs1zmCh/4xQbVt5sQxazGblgRig==",
        "dependencies": {
          "LibGit2Sharp.NativeBinaries": "[2.0.322]"
        }
      },
      "LibGit2Sharp.NativeBinaries": {
        "type": "Transitive",
        "resolved": "2.0.322",
        "contentHash": "EWQaEevzc8uS1ZGS6T83jqUPBY//2WUSCHwbZHBoHOjlfSehqr30nm/VAhJPzjam/69sv7nlLKVcho9t2XuR/Q=="
      },
      "Mediator.Abstractions": {
        "type": "Transitive",
        "resolved": "2.1.7",
        "contentHash": "93GWsxuikSVSGvWeNwkMecMXjUYURNyNj978FTnH7PhC3hrGh8mERNkxRNWIvLj7k0nnrnsQxixEQ0NxRXNkow==",
        "dependencies": {
          "Microsoft.Extensions.DependencyInjection.Abstractions": "6.0.0",
          "System.Threading.Tasks.Extensions": "4.5.4"
        }
      },
      "Microsoft.AspNetCore.Authorization": {
        "type": "Transitive",
        "resolved": "8.0.10",
        "contentHash": "mENBehQP1H9oTB4Diu1l7vR1BeZrBNWA9sHZsln4l2oIs7D3qH3fokopU/8FWa9JSxQYNBT1MeYBCwguYOBjMQ==",
        "dependencies": {
          "Microsoft.AspNetCore.Metadata": "8.0.10",
          "Microsoft.Extensions.Logging.Abstractions": "8.0.2",
          "Microsoft.Extensions.Options": "8.0.2"
        }
      },
      "Microsoft.AspNetCore.Components": {
        "type": "Transitive",
        "resolved": "8.0.10",
        "contentHash": "qTsPBcK6Z2Yyt+A5GPub9CiUxfmSIrNQ22BT8efzXiz50Vx0KKTsE82pxbipgGU9XNXZhEtYSNTqQFuWyRlIRw==",
        "dependencies": {
          "Microsoft.AspNetCore.Authorization": "8.0.10",
          "Microsoft.AspNetCore.Components.Analyzers": "8.0.10"
        }
      },
      "Microsoft.AspNetCore.Components.Analyzers": {
        "type": "Transitive",
        "resolved": "8.0.10",
        "contentHash": "czb81hXe2a+w1py/U2MrO3aSb0Ht0r1/I+4vJucjTZwbhHtGubneifS3h05DB6CakT8dgKyS0eypQaLuDKkWtQ=="
      },
      "Microsoft.AspNetCore.Components.Forms": {
        "type": "Transitive",
        "resolved": "8.0.10",
        "contentHash": "YOdsdG/da7xc5uA0dRIe8qUz1rVbbptnYA2CrsxPNka3Nv7Sbh3rArlACGWPBkST3qTRollCx4dLEXpwg/6eEw==",
        "dependencies": {
          "Microsoft.AspNetCore.Components": "8.0.10"
        }
      },
      "Microsoft.AspNetCore.Components.Web": {
        "type": "Transitive",
        "resolved": "8.0.10",
        "contentHash": "gJa07Ni77Eoer/+3tocjnCzxfRcL0TJbKnzBP5auk/cxO5nxzJEHuTADX8gAzlyuLvdrnrtfqRAhR66MGkHmww==",
        "dependencies": {
          "Microsoft.AspNetCore.Components": "8.0.10",
          "Microsoft.AspNetCore.Components.Forms": "8.0.10",
          "Microsoft.Extensions.DependencyInjection": "8.0.1",
          "Microsoft.Extensions.Primitives": "8.0.0",
          "Microsoft.JSInterop": "8.0.10",
          "System.IO.Pipelines": "8.0.0"
        }
      },
      "Microsoft.AspNetCore.Metadata": {
        "type": "Transitive",
        "resolved": "8.0.10",
        "contentHash": "E9YwEujZjXhMLi1hqJh+7iLk2DzNxa4dB9wYY8lHYpAzZdVqoGjaFsaaIzwCvSZZxd7S7Cds01Trlye2mTqeZA=="
      },
      "Microsoft.Data.Sqlite.Core": {
        "type": "Transitive",
        "resolved": "8.0.10",
        "contentHash": "i95bgLqp6rJzmhQEtGhVVHnk1nYAhr/pLDul676PnwI/d7uDSSGs2ZPU9aP0VOuppkZaNinQOUCrD7cstDbQiQ==",
        "dependencies": {
          "SQLitePCLRaw.core": "2.1.6"
        }
      },
      "Microsoft.EntityFrameworkCore": {
        "type": "Transitive",
        "resolved": "8.0.10",
        "contentHash": "PPkQdIqfR1nU3n6YgGGDk8G+eaYbaAKM1AzIQtlPNTKf10Osg3N9T+iK9AlnSA/ujsK00flPpFHVfJrbuBFS1A==",
        "dependencies": {
          "Microsoft.EntityFrameworkCore.Abstractions": "8.0.10",
          "Microsoft.EntityFrameworkCore.Analyzers": "8.0.10",
          "Microsoft.Extensions.Caching.Memory": "8.0.1",
          "Microsoft.Extensions.Logging": "8.0.1"
        }
      },
      "Microsoft.EntityFrameworkCore.Abstractions": {
        "type": "Transitive",
        "resolved": "8.0.10",
        "contentHash": "FV0QlcX9INY4kAD2o72uPtyOh0nZut2jB11Jf9mNYBtHay8gDLe+x4AbXFwuQg+eSvofjT7naV82e827zGfyMg=="
      },
      "Microsoft.EntityFrameworkCore.Analyzers": {
        "type": "Transitive",
        "resolved": "8.0.10",
        "contentHash": "51KkPIc0EMv/gVXhPIUi6cwJE9Mvh+PLr4Lap4naLcsoGZ0lF2SvOPgUUprwRV3MnN7nyD1XPhT5RJ/p+xFAXw=="
      },
      "Microsoft.EntityFrameworkCore.Relational": {
        "type": "Transitive",
        "resolved": "8.0.10",
        "contentHash": "OefBEE47kGKPRPV3OT+FAW6o5BFgLk2D9EoeWVy7NbOepzUneayLQxbVE098FfedTyMwxvZQoDD9LrvZc3MadA==",
        "dependencies": {
          "Microsoft.EntityFrameworkCore": "8.0.10",
          "Microsoft.Extensions.Configuration.Abstractions": "8.0.0"
        }
      },
      "Microsoft.EntityFrameworkCore.Sqlite": {
        "type": "Transitive",
        "resolved": "8.0.10",
        "contentHash": "inVXiKuOczjNVpLKG0nsnUmgL2m/bo6H/p4DCFVGRImJj6p9qrlwnU96A5FNZ56BF9VE1uZOULqgGTGTFVS19A==",
        "dependencies": {
          "Microsoft.EntityFrameworkCore.Sqlite.Core": "8.0.10",
          "SQLitePCLRaw.bundle_e_sqlite3": "2.1.6"
        }
      },
      "Microsoft.EntityFrameworkCore.Sqlite.Core": {
        "type": "Transitive",
        "resolved": "8.0.10",
        "contentHash": "dmpgFx5BPqw/jJmBh9gp0UJpCcNDvWnGMoc9XHwp4K0h9skBE6A8E7+AwSiz556iyVf8Gn/qxHF1cgX9ZqGiYQ==",
        "dependencies": {
          "Microsoft.Data.Sqlite.Core": "8.0.10",
          "Microsoft.EntityFrameworkCore.Relational": "8.0.10",
          "Microsoft.Extensions.DependencyModel": "8.0.2"
        }
      },
      "Microsoft.Extensions.Caching.Abstractions": {
        "type": "Transitive",
        "resolved": "8.0.0",
        "contentHash": "3KuSxeHoNYdxVYfg2IRZCThcrlJ1XJqIXkAWikCsbm5C/bCjv7G0WoKDyuR98Q+T607QT2Zl5GsbGRkENcV2yQ==",
        "dependencies": {
          "Microsoft.Extensions.Primitives": "8.0.0"
        }
      },
      "Microsoft.Extensions.Caching.Memory": {
        "type": "Transitive",
        "resolved": "8.0.1",
        "contentHash": "HFDnhYLccngrzyGgHkjEDU5FMLn4MpOsr5ElgsBMC4yx6lJh4jeWO7fHS8+TXPq+dgxCmUa/Trl8svObmwW4QA==",
        "dependencies": {
          "Microsoft.Extensions.Caching.Abstractions": "8.0.0",
          "Microsoft.Extensions.DependencyInjection.Abstractions": "8.0.2",
          "Microsoft.Extensions.Logging.Abstractions": "8.0.2",
          "Microsoft.Extensions.Options": "8.0.2",
          "Microsoft.Extensions.Primitives": "8.0.0"
        }
      },
      "Microsoft.Extensions.Configuration": {
        "type": "Transitive",
        "resolved": "8.0.0",
        "contentHash": "0J/9YNXTMWSZP2p2+nvl8p71zpSwokZXZuJW+VjdErkegAnFdO1XlqtA62SJtgVYHdKu3uPxJHcMR/r35HwFBA==",
        "dependencies": {
          "Microsoft.Extensions.Configuration.Abstractions": "8.0.0",
          "Microsoft.Extensions.Primitives": "8.0.0"
        }
      },
      "Microsoft.Extensions.Configuration.Abstractions": {
        "type": "Transitive",
        "resolved": "8.0.0",
        "contentHash": "3lE/iLSutpgX1CC0NOW70FJoGARRHbyKmG7dc0klnUZ9Dd9hS6N/POPWhKhMLCEuNN5nXEY5agmlFtH562vqhQ==",
        "dependencies": {
          "Microsoft.Extensions.Primitives": "8.0.0"
        }
      },
      "Microsoft.Extensions.Configuration.Binder": {
        "type": "Transitive",
        "resolved": "8.0.2",
        "contentHash": "7IQhGK+wjyGrNsPBjJcZwWAr+Wf6D4+TwOptUt77bWtgNkiV8tDEbhFS+dDamtQFZ2X7kWG9m71iZQRj2x3zgQ==",
        "dependencies": {
          "Microsoft.Extensions.Configuration.Abstractions": "8.0.0"
        }
      },
      "Microsoft.Extensions.Configuration.FileExtensions": {
        "type": "Transitive",
        "resolved": "8.0.1",
        "contentHash": "EJzSNO9oaAXnTdtdNO6npPRsIIeZCBSNmdQ091VDO7fBiOtJAAeEq6dtrVXIi3ZyjC5XRSAtVvF8SzcneRHqKQ==",
        "dependencies": {
          "Microsoft.Extensions.Configuration": "8.0.0",
          "Microsoft.Extensions.Configuration.Abstractions": "8.0.0",
          "Microsoft.Extensions.FileProviders.Abstractions": "8.0.0",
          "Microsoft.Extensions.FileProviders.Physical": "8.0.0",
          "Microsoft.Extensions.Primitives": "8.0.0"
        }
      },
      "Microsoft.Extensions.Configuration.Json": {
        "type": "Transitive",
        "resolved": "8.0.1",
        "contentHash": "L89DLNuimOghjV3tLx0ArFDwVEJD6+uGB3BMCMX01kaLzXkaXHb2021xOMl2QOxUxbdePKUZsUY7n2UUkycjRg==",
        "dependencies": {
          "Microsoft.Extensions.Configuration": "8.0.0",
          "Microsoft.Extensions.Configuration.Abstractions": "8.0.0",
          "Microsoft.Extensions.Configuration.FileExtensions": "8.0.1",
          "Microsoft.Extensions.FileProviders.Abstractions": "8.0.0"
        }
      },
      "Microsoft.Extensions.DependencyInjection": {
        "type": "Transitive",
        "resolved": "8.0.1",
        "contentHash": "BmANAnR5Xd4Oqw7yQ75xOAYODybZQRzdeNucg7kS5wWKd2PNnMdYtJ2Vciy0QLylRmv42DGl5+AFL9izA6F1Rw==",
        "dependencies": {
          "Microsoft.Extensions.DependencyInjection.Abstractions": "8.0.2"
        }
      },
      "Microsoft.Extensions.DependencyInjection.Abstractions": {
        "type": "Transitive",
        "resolved": "8.0.2",
        "contentHash": "3iE7UF7MQkCv1cxzCahz+Y/guQbTqieyxyaWKhrRO91itI9cOKO76OHeQDahqG4MmW5umr3CcCvGmK92lWNlbg=="
      },
      "Microsoft.Extensions.DependencyModel": {
        "type": "Transitive",
        "resolved": "8.0.2",
        "contentHash": "mUBDZZRgZrSyFOsJ2qJJ9fXfqd/kXJwf3AiDoqLD9m6TjY5OO/vLNOb9fb4juC0487eq4hcGN/M2Rh/CKS7QYw=="
      },
      "Microsoft.Extensions.FileProviders.Abstractions": {
        "type": "Transitive",
        "resolved": "8.0.0",
        "contentHash": "ZbaMlhJlpisjuWbvXr4LdAst/1XxH3vZ6A0BsgTphZ2L4PGuxRLz7Jr/S7mkAAnOn78Vu0fKhEgNF5JO3zfjqQ==",
        "dependencies": {
          "Microsoft.Extensions.Primitives": "8.0.0"
        }
      },
      "Microsoft.Extensions.FileProviders.Physical": {
        "type": "Transitive",
        "resolved": "8.0.0",
        "contentHash": "UboiXxpPUpwulHvIAVE36Knq0VSHaAmfrFkegLyBZeaADuKezJ/AIXYAW8F5GBlGk/VaibN2k/Zn1ca8YAfVdA==",
        "dependencies": {
          "Microsoft.Extensions.FileProviders.Abstractions": "8.0.0",
          "Microsoft.Extensions.FileSystemGlobbing": "8.0.0",
          "Microsoft.Extensions.Primitives": "8.0.0"
        }
      },
      "Microsoft.Extensions.FileSystemGlobbing": {
        "type": "Transitive",
        "resolved": "8.0.0",
        "contentHash": "OK+670i7esqlQrPjdIKRbsyMCe9g5kSLpRRQGSr4Q58AOYEe/hCnfLZprh7viNisSUUQZmMrbbuDaIrP+V1ebQ=="
      },
      "Microsoft.Extensions.Localization": {
        "type": "Transitive",
        "resolved": "8.0.8",
        "contentHash": "n32ZGmc2UOv9R/xsBHQPOxBsqCSAAJSoMtFqoQ8zOegB2P+H6+773OyCWg4jRBkO/3dmCyBJXB0yLAOVW2/C/w==",
        "dependencies": {
          "Microsoft.Extensions.DependencyInjection.Abstractions": "8.0.1",
          "Microsoft.Extensions.Localization.Abstractions": "8.0.8",
          "Microsoft.Extensions.Logging.Abstractions": "8.0.1",
          "Microsoft.Extensions.Options": "8.0.2"
        }
      },
      "Microsoft.Extensions.Localization.Abstractions": {
        "type": "Transitive",
        "resolved": "8.0.8",
        "contentHash": "WYIsqP/A6dH/LWJznrvgoNPc7Q+CUJD0E78765GL3aonBtyFK1BKtPzBvvlnrr3SVqSO2r6xJCLgCEiCMG1gfA=="
      },
      "Microsoft.Extensions.Logging": {
        "type": "Transitive",
        "resolved": "8.0.1",
        "contentHash": "4x+pzsQEbqxhNf1QYRr5TDkLP9UsLT3A6MdRKDDEgrW7h1ljiEPgTNhKYUhNCCAaVpQECVQ+onA91PTPnIp6Lw==",
        "dependencies": {
          "Microsoft.Extensions.DependencyInjection": "8.0.1",
          "Microsoft.Extensions.Logging.Abstractions": "8.0.2",
          "Microsoft.Extensions.Options": "8.0.2"
        }
      },
      "Microsoft.Extensions.Logging.Abstractions": {
        "type": "Transitive",
        "resolved": "8.0.2",
        "contentHash": "nroMDjS7hNBPtkZqVBbSiQaQjWRDxITI8Y7XnDs97rqG3EbzVTNLZQf7bIeUJcaHOV8bca47s1Uxq94+2oGdxA==",
        "dependencies": {
          "Microsoft.Extensions.DependencyInjection.Abstractions": "8.0.2"
        }
      },
      "Microsoft.Extensions.Options": {
        "type": "Transitive",
        "resolved": "8.0.2",
        "contentHash": "dWGKvhFybsaZpGmzkGCbNNwBD1rVlWzrZKANLW/CcbFJpCEceMCGzT7zZwHOGBCbwM0SzBuceMj5HN1LKV1QqA==",
        "dependencies": {
          "Microsoft.Extensions.DependencyInjection.Abstractions": "8.0.0",
          "Microsoft.Extensions.Primitives": "8.0.0"
        }
      },
      "Microsoft.Extensions.Primitives": {
        "type": "Transitive",
        "resolved": "8.0.0",
        "contentHash": "bXJEZrW9ny8vjMF1JV253WeLhpEVzFo1lyaZu1vQ4ZxWUlVvknZ/+ftFgVheLubb4eZPSwwxBeqS1JkCOjxd8g=="
      },
      "Microsoft.JSInterop": {
        "type": "Transitive",
        "resolved": "8.0.10",
        "contentHash": "VxiFlNValVtpRQomua6h1FOUBK0fiyQbNIh+PMRs9DMHczOHIZpLJmm5LO5h9voBXjW+V/cUE8aNH2GcWps40A=="
      },
      "Microsoft.JSInterop.WebAssembly": {
        "type": "Transitive",
        "resolved": "8.0.10",
        "contentHash": "1RumzzQ+s4Zkq08ls7tDPlvx7ASsWI7gIrxiTD75b3pYr3TDUd3YbAnccqq+H3BDo6znpCZZGScFotrgz5R8LQ==",
        "dependencies": {
          "Microsoft.JSInterop": "8.0.10"
        }
      },
      "MudBlazor": {
        "type": "Transitive",
        "resolved": "7.11.0",
        "contentHash": "xY3ocFJ9dmw3Usd8a3LWrlsTM0yLAvw2Pl08fWBMJj16kyhDzW1NLUvcxD8IDIQXRNgxsAlX0lQrvMoHqfzejQ==",
        "dependencies": {
          "Microsoft.AspNetCore.Components": "8.0.8",
          "Microsoft.AspNetCore.Components.Web": "8.0.8",
          "Microsoft.Extensions.Localization": "8.0.8"
        }
      },
      "Riok.Mapperly": {
        "type": "Transitive",
        "resolved": "4.0.0",
        "contentHash": "p3usGhFauNWoNr5OS/XemjX0G7tNhhdxEDcPwOM6jPdfXiZQdwLFTwZN+/3xmT9QBTn+ba5HWHgm/9DDLZ3iBw=="
      },
      "SQLitePCLRaw.bundle_e_sqlite3": {
        "type": "Transitive",
        "resolved": "2.1.6",
        "contentHash": "BmAf6XWt4TqtowmiWe4/5rRot6GerAeklmOPfviOvwLoF5WwgxcJHAxZtySuyW9r9w+HLILnm8VfJFLCUJYW8A==",
        "dependencies": {
          "SQLitePCLRaw.lib.e_sqlite3": "2.1.6",
          "SQLitePCLRaw.provider.e_sqlite3": "2.1.6"
        }
      },
      "SQLitePCLRaw.core": {
        "type": "Transitive",
        "resolved": "2.1.6",
        "contentHash": "wO6v9GeMx9CUngAet8hbO7xdm+M42p1XeJq47ogyRoYSvNSp0NGLI+MgC0bhrMk9C17MTVFlLiN6ylyExLCc5w==",
        "dependencies": {
          "System.Memory": "4.5.3"
        }
      },
      "SQLitePCLRaw.lib.e_sqlite3": {
        "type": "Transitive",
        "resolved": "2.1.6",
        "contentHash": "2ObJJLkIUIxRpOUlZNGuD4rICpBnrBR5anjyfUFQep4hMOIeqW+XGQYzrNmHSVz5xSWZ3klSbh7sFR6UyDj68Q=="
      },
      "SQLitePCLRaw.provider.e_sqlite3": {
        "type": "Transitive",
        "resolved": "2.1.6",
        "contentHash": "PQ2Oq3yepLY4P7ll145P3xtx2bX8xF4PzaKPRpw9jZlKvfe4LE/saAV82inND9usn1XRpmxXk7Lal3MTI+6CNg==",
        "dependencies": {
          "SQLitePCLRaw.core": "2.1.6"
        }
      },
      "System.IO.Pipelines": {
        "type": "Transitive",
        "resolved": "8.0.0",
        "contentHash": "FHNOatmUq0sqJOkTx+UF/9YK1f180cnW5FVqnQMvYUN0elp6wFzbtPSiqbo1/ru8ICp43JM1i7kKkk6GsNGHlA=="
      },
      "System.Memory": {
        "type": "Transitive",
        "resolved": "4.5.3",
        "contentHash": "3oDzvc/zzetpTKWMShs1AADwZjQ/36HnsufHRPcOjyRAAMLDlu2iD33MBI2opxnezcVUtXyqDXXjoFMOU9c7SA=="
      },
      "System.Threading.Tasks.Extensions": {
        "type": "Transitive",
        "resolved": "4.5.4",
        "contentHash": "zteT+G8xuGu6mS+mzDzYXbzS7rd3K6Fjb9RiZlYlJPam2/hU7JCBZBVEcywNuR+oZ1ncTvc/cq0faRr3P01OVg=="
      },
      "activitypaint.application.abstractions": {
        "type": "Project",
        "dependencies": {
          "ActivityPaint.Application.DTOs": "[1.0.0, )"
        }
      },
      "activitypaint.application.businesslogic": {
        "type": "Project",
        "dependencies": {
          "ActivityPaint.Application.Abstractions": "[1.0.0, )",
          "Mediator.Abstractions": "[2.1.7, )",
          "Microsoft.Extensions.DependencyInjection.Abstractions": "[8.0.2, )",
          "Microsoft.Extensions.Logging.Abstractions": "[8.0.2, )"
        }
      },
      "activitypaint.application.dtos": {
        "type": "Project",
        "dependencies": {
          "ActivityPaint.Core": "[1.0.0, )",
          "FluentValidation.DependencyInjectionExtensions": "[11.10.0, )",
          "Riok.Mapperly": "[4.0.0, )"
        }
      },
      "activitypaint.client.components": {
        "type": "Project",
        "dependencies": {
          "ActivityPaint.Application.BusinessLogic": "[1.0.0, )",
          "CommunityToolkit.Mvvm": "[8.3.2, )",
          "Microsoft.AspNetCore.Components.Web": "[8.0.10, )",
          "MudBlazor": "[7.11.0, )"
        }
      },
      "activitypaint.core": {
        "type": "Project",
        "dependencies": {
          "Microsoft.Extensions.DependencyInjection.Abstractions": "[8.0.2, )"
        }
      },
      "activitypaint.integration.database": {
        "type": "Project",
        "dependencies": {
          "ActivityPaint.Application.Abstractions": "[1.0.0, )",
          "Microsoft.EntityFrameworkCore.Sqlite": "[8.0.10, )"
        }
      },
      "activitypaint.integration.filesystem": {
        "type": "Project",
        "dependencies": {
          "ActivityPaint.Application.Abstractions": "[1.0.0, )"
        }
      },
      "activitypaint.integration.repository": {
        "type": "Project",
        "dependencies": {
          "ActivityPaint.Application.Abstractions": "[1.0.0, )",
          "LibGit2Sharp": "[0.30.0, )"
        }
      }
    },
    "net8.0/browser-wasm": {
      "LibGit2Sharp.NativeBinaries": {
        "type": "Transitive",
        "resolved": "2.0.322",
        "contentHash": "EWQaEevzc8uS1ZGS6T83jqUPBY//2WUSCHwbZHBoHOjlfSehqr30nm/VAhJPzjam/69sv7nlLKVcho9t2XuR/Q=="
      },
      "SQLitePCLRaw.lib.e_sqlite3": {
        "type": "Transitive",
        "resolved": "2.1.6",
        "contentHash": "2ObJJLkIUIxRpOUlZNGuD4rICpBnrBR5anjyfUFQep4hMOIeqW+XGQYzrNmHSVz5xSWZ3klSbh7sFR6UyDj68Q=="
      }
    }
  }
}