{
  "version": 1,
  "dependencies": {
    "net8.0": {
      "LibGit2Sharp": {
        "type": "Direct",
        "requested": "[0.30.0, )",
        "resolved": "0.30.0",
        "contentHash": "1cBg/7nz6q+yzvComhqQaTS4nbXloLp/x29ZgY/Rr82ohpkuaWT8ZYzsPLFvs1zmCh/4xQbVt5sQxazGblgRig==",
        "dependencies": {
          "LibGit2Sharp.NativeBinaries": "[2.0.322]"
        }
      },
      "FluentValidation": {
        "type": "Transitive",
        "resolved": "11.10.0",
        "contentHash": "qsJGSJDdZ8qiG+lVJ70PZfJHcEdq8UQZ/tZDXoj78/iHKG6lVKtMJsD11zyyv/IPc7rwqGqnFoFLTNzpo3IPYg=="
      },
      "FluentValidation.DependencyInjectionExtensions": {
        "type": "Transitive",
        "resolved": "11.10.0",
        "contentHash": "hIe+i6P+ZUxFh6lJOBXRs4EGE/thcub0Lpdk2FF2/JBKJUqDqE2xDnBIiqTMkpXLoekgBN0SlhJT0vpeNr1J6g==",
        "dependencies": {
          "FluentValidation": "11.10.0",
          "Microsoft.Extensions.Dependencyinjection.Abstractions": "2.1.0"
        }
      },
      "LibGit2Sharp.NativeBinaries": {
        "type": "Transitive",
        "resolved": "2.0.322",
        "contentHash": "EWQaEevzc8uS1ZGS6T83jqUPBY//2WUSCHwbZHBoHOjlfSehqr30nm/VAhJPzjam/69sv7nlLKVcho9t2XuR/Q=="
      },
      "Microsoft.Extensions.DependencyInjection.Abstractions": {
        "type": "Transitive",
        "resolved": "8.0.2",
        "contentHash": "3iE7UF7MQkCv1cxzCahz+Y/guQbTqieyxyaWKhrRO91itI9cOKO76OHeQDahqG4MmW5umr3CcCvGmK92lWNlbg=="
      },
      "Riok.Mapperly": {
        "type": "Transitive",
        "resolved": "4.1.0",
        "contentHash": "Px/qQh977qubJhuVXp+uQrZ0DU/X7HimKnXnvW3BISsM/6CwpxxgVe853MVvdvF5zbogP314s44qXiGNghtVgQ=="
      },
      "activitypaint.application.abstractions": {
        "type": "Project",
        "dependencies": {
          "ActivityPaint.Application.DTOs": "[1.0.0, )"
        }
      },
      "activitypaint.application.dtos": {
        "type": "Project",
        "dependencies": {
          "ActivityPaint.Core": "[1.0.0, )",
          "FluentValidation.DependencyInjectionExtensions": "[11.10.0, )",
          "Riok.Mapperly": "[4.1.0, )"
        }
      },
      "activitypaint.core": {
        "type": "Project",
        "dependencies": {
          "Microsoft.Extensions.DependencyInjection.Abstractions": "[8.0.2, )"
        }
      }
    }
  }
}