{
  "version": 1,
  "dependencies": {
    "net8.0": {
      "LibGit2Sharp": {
        "type": "Direct",
        "requested": "[0.30.0, )",
        "resolved": "0.30.0",
        "contentHash": "1cBg/7nz6q+yzvComhqQaTS4nbXloLp/x29ZgY/Rr82ohpkuaWT8ZYzsPLFvs1zmCh/4xQbVt5sQxazGblgRig==",
        "dependencies": {
          "LibGit2Sharp.NativeBinaries": "[2.0.322]"
        }
      },
      "LibGit2Sharp.NativeBinaries": {
        "type": "Transitive",
        "resolved": "2.0.322",
        "contentHash": "EWQaEevzc8uS1ZGS6T83jqUPBY//2WUSCHwbZHBoHOjlfSehqr30nm/VAhJPzjam/69sv7nlLKVcho9t2XuR/Q=="
      },
      "Microsoft.Extensions.DependencyInjection.Abstractions": {
        "type": "Transitive",
        "resolved": "8.0.1",
        "contentHash": "fGLiCRLMYd00JYpClraLjJTNKLmMJPnqxMaiRzEBIIvevlzxz33mXy39Lkd48hu1G+N21S7QpaO5ZzKsI6FRuA=="
      },
      "activitypaint.application.abstractions": {
        "type": "Project",
        "dependencies": {
          "ActivityPaint.Core": "[1.0.0, )"
        }
      },
      "activitypaint.core": {
        "type": "Project",
        "dependencies": {
          "Microsoft.Extensions.DependencyInjection.Abstractions": "[8.0.1, )"
        }
      }
    }
  }
}